# This file is automatically @generated by Cargo.
# It is not intended for manual editing.
version = 4

[[package]]
name = "enclave-ai"
version = "0.1.0"
dependencies = [
 "enclave-core",
]

[[package]]
name = "enclave-antivirus"
version = "0.1.0"
dependencies = [
 "enclave-core",
]

[[package]]
name = "enclave-api"
version = "0.1.0"
dependencies = [
 "enclave-audit",
 "enclave-config",
 "enclave-core",
 "enclave-db",
 "enclave-events",
]

[[package]]
name = "enclave-audit"
version = "0.1.0"
dependencies = [
 "enclave-config",
 "enclave-core",
]

[[package]]
name = "enclave-auth"
version = "0.1.0"
dependencies = [
 "enclave-core",
]

[[package]]
name = "enclave-authorization"
version = "0.1.0"
dependencies = [
 "enclave-core",
]

[[package]]
name = "enclave-branding"
version = "0.1.0"
dependencies = [
 "enclave-core",
]

[[package]]
name = "enclave-classification"
version = "0.1.0"
dependencies = [
 "enclave-core",
]

[[package]]
name = "enclave-conditional_access"
version = "0.1.0"
dependencies = [
 "enclave-core",
]

[[package]]
name = "enclave-config"
version = "0.1.0"
dependencies = [
 "enclave-core",
]

[[package]]
name = "enclave-core"
version = "0.1.0"

[[package]]
name = "enclave-db"
version = "0.1.0"
dependencies = [
 "enclave-config",
 "enclave-core",
]

[[package]]
name = "enclave-dlp"
version = "0.1.0"
dependencies = [
 "enclave-core",
]

[[package]]
name = "enclave-embeddings"
version = "0.1.0"
dependencies = [
 "enclave-core",
]

[[package]]
name = "enclave-events"
version = "0.1.0"
dependencies = [
 "enclave-config",
 "enclave-core",
]

[[package]]
name = "enclave-files"
version = "0.1.0"
dependencies = [
 "enclave-core",
]

[[package]]
name = "enclave-identity"
version = "0.1.0"
dependencies = [
 "enclave-core",
]

[[package]]
name = "enclave-incidents"
version = "0.1.0"
dependencies = [
 "enclave-core",
]

[[package]]
name = "enclave-indexing"
version = "0.1.0"
dependencies = [
 "enclave-core",
]

[[package]]
name = "enclave-information_barriers"
version = "0.1.0"
dependencies = [
 "enclave-core",
]

[[package]]
name = "enclave-legal_hold"
version = "0.1.0"
dependencies = [
 "enclave-core",
]

[[package]]
name = "enclave-libraries"
version = "0.1.0"
dependencies = [
 "enclave-core",
]

[[package]]
name = "enclave-lists"
version = "0.1.0"
dependencies = [
 "enclave-core",
]

[[package]]
name = "enclave-mail"
version = "0.1.0"
dependencies = [
 "enclave-core",
]

[[package]]
name = "enclave-mcp"
version = "0.1.0"
dependencies = [
 "enclave-core",
]

[[package]]
name = "enclave-metadata"
version = "0.1.0"
dependencies = [
 "enclave-core",
]

[[package]]
name = "enclave-notifications"
version = "0.1.0"
dependencies = [
 "enclave-core",
]

[[package]]
name = "enclave-pages"
version = "0.1.0"
dependencies = [
 "enclave-core",
]

[[package]]
name = "enclave-preview"
version = "0.1.0"
dependencies = [
 "enclave-core",
]

[[package]]
name = "enclave-records"
version = "0.1.0"
dependencies = [
 "enclave-core",
]

[[package]]
name = "enclave-retention"
version = "0.1.0"
dependencies = [
 "enclave-core",
]

[[package]]
name = "enclave-scheduler"
version = "0.1.0"
dependencies = [
 "enclave-audit",
 "enclave-config",
 "enclave-core",
 "enclave-db",
 "enclave-events",
]

[[package]]
name = "enclave-search"
version = "0.1.0"
dependencies = [
 "enclave-core",
]

[[package]]
name = "enclave-secrets"
version = "0.1.0"
dependencies = [
 "enclave-core",
]

[[package]]
name = "enclave-sharing"
version = "0.1.0"
dependencies = [
 "enclave-core",
]

[[package]]
name = "enclave-signing"
version = "0.1.0"
dependencies = [
 "enclave-core",
]

[[package]]
name = "enclave-storage"
version = "0.1.0"
dependencies = [
 "enclave-core",
]

[[package]]
name = "enclave-sync"
version = "0.1.0"
dependencies = [
 "enclave-core",
]

[[package]]
name = "enclave-uploads"
version = "0.1.0"
dependencies = [
 "enclave-core",
]

[[package]]
name = "enclave-versions"
version = "0.1.0"
dependencies = [
 "enclave-core",
]

[[package]]
name = "enclave-worker"
version = "0.1.0"
dependencies = [
 "enclave-audit",
 "enclave-config",
 "enclave-core",
 "enclave-db",
 "enclave-events",
]

[[package]]
name = "enclave-workflows"
version = "0.1.0"
dependencies = [
 "enclave-core",
]

[[package]]
name = "enclave-workspaces"
version = "0.1.0"
dependencies = [
 "enclave-core",
]
